// !$*UTF8*$!
{
	archiveVersion = 1;
	classes = {
	};
	objectVersion = 46;
	objects = {

/* Begin PBXBuildFile section */
		09B282131CBAC9D50053AFE7 /* AppDelegate.swift in Sources */ = {isa = PBXBuildFile; fileRef = 09B282121CBAC9D50053AFE7 /* AppDelegate.swift */; };
		09B282151CBAC9D50053AFE7 /* ViewController.swift in Sources */ = {isa = PBXBuildFile; fileRef = 09B282141CBAC9D50053AFE7 /* ViewController.swift */; };
		09B282181CBAC9D50053AFE7 /* Main.storyboard in Resources */ = {isa = PBXBuildFile; fileRef = 09B282161CBAC9D50053AFE7 /* Main.storyboard */; };
		09B2821A1CBAC9D50053AFE7 /* Assets.xcassets in Resources */ = {isa = PBXBuildFile; fileRef = 09B282191CBAC9D50053AFE7 /* Assets.xcassets */; };
		09B2821D1CBAC9D50053AFE7 /* LaunchScreen.storyboard in Resources */ = {isa = PBXBuildFile; fileRef = 09B2821B1CBAC9D50053AFE7 /* LaunchScreen.storyboard */; };
/* End PBXBuildFile section */

/* Begin PBXFileReference section */
		09B2820F1CBAC9D50053AFE7 /* MyWeatherApp.app */ = {isa = PBXFileReference; explicitFileType = wrapper.application; includeInIndex = 0; path = MyWeatherApp.app; sourceTree = BUILT_PRODUCTS_DIR; };
		09B282121CBAC9D50053AFE7 /* AppDelegate.swift */ = {isa = PBXFileReference; lastKnownFileType = sourcecode.swift; path = AppDelegate.swift; sourceTree = "<group>"; };
		09B282141CBAC9D50053AFE7 /* ViewController.swift */ = {isa = PBXFileReference; lastKnownFileType = sourcecode.swift; path = ViewController.swift; sourceTree = "<group>"; };
		09B282171CBAC9D50053AFE7 /* Base */ = {isa = PBXFileReference; lastKnownFileType = file.storyboard; name = Base; path = Base.lproj/Main.storyboard; sourceTree = "<group>"; };
		09B282191CBAC9D50053AFE7 /* Assets.xcassets */ = {isa = PBXFileReference; lastKnownFileType = folder.assetcatalog; path = Assets.xcassets; sourceTree = "<group>"; };
		09B2821C1CBAC9D50053AFE7 /* Base */ = {isa = PBXFileReference; lastKnownFileType = file.storyboard; name = Base; path = Base.lproj/LaunchScreen.storyboard; sourceTree = "<group>"; };
		09B2821E1CBAC9D50053AFE7 /* Info.plist */ = {isa = PBXFileReference; lastKnownFileType = text.plist.xml; path = Info.plist; sourceTree = "<group>"; };
/* End PBXFileReference section */

/* Begin PBXFrameworksBuildPhase section */
		09B2820C1CBAC9D50053AFE7 /* Frameworks */ = {
			isa = PBXFrameworksBuildPhase;
			buildActionMask = 2147483647;
			files = (
			);
			runOnlyForDeploymentPostprocessing = 0;
		};
/* End PBXFrameworksBuildPhase section */

/* Begin PBXGroup section */
		09B282061CBAC9D50053AFE7 = {
			isa = PBXGroup;
			children = (
				09B282111CBAC9D50053AFE7 /* MyWeatherApp */,
				09B282101CBAC9D50053AFE7 /* Products */,
			);
			sourceTree = "<group>";
		};
		09B282101CBAC9D50053AFE7 /* Products */ = {
			isa = PBXGroup;
			children = (
				09B2820F1CBAC9D50053AFE7 /* MyWeatherApp.app */,
			);
			name = Products;
			sourceTree = "<group>";
		};
		09B282111CBAC9D50053AFE7 /* MyWeatherApp */ = {
			isa = PBXGroup;
			children = (
				09B282121CBAC9D50053AFE7 /* AppDelegate.swift */,
				09B282141CBAC9D50053AFE7 /* ViewController.swift */,
				09B282161CBAC9D50053AFE7 /* Main.storyboard */,
				09B282191CBAC9D50053AFE7 /* Assets.xcassets */,
				09B2821B1CBAC9D50053AFE7 /* LaunchScreen.storyboard */,
				09B2821E1CBAC9D50053AFE7 /* Info.plist */,
			);
			path = MyWeatherApp;
			sourceTree = "<group>";
		};
/* End PBXGroup section */

/* Begin PBXNativeTarget section */
		09B2820E1CBAC9D50053AFE7 /* MyWeatherApp */ = {
			isa = PBXNativeTarget;
			buildConfigurationList = 09B282211CBAC9D50053AFE7 /* Build configuration list for PBXNativeTarget "MyWeatherApp" */;
			buildPhases = (
				09B2820B1CBAC9D50053AFE7 /* Sources */,
				09B2820C1CBAC9D50053AFE7 /* Frameworks */,
				09B2820D1CBAC9D50053AFE7 /* Resources */,
			);
			buildRules = (
			);
			dependencies = (
			);
			name = MyWeatherApp;
			productName = MyWeatherApp;
			productReference = 09B2820F1CBAC9D50053AFE7 /* MyWeatherApp.app */;
			productType = "com.apple.product-type.application";
		};
/* End PBXNativeTarget section */

/* Begin PBXProject section */
		09B282071CBAC9D50053AFE7 /* Project object */ = {
			isa = PBXProject;
			attributes = {
				LastSwiftUpdateCheck = 0730;
				LastUpgradeCheck = 0730;
				ORGANIZATIONNAME = ExperientiaIBW;
				TargetAttributes = {
					09B2820E1CBAC9D50053AFE7 = {
						CreatedOnToolsVersion = 7.3;
						DevelopmentTeam = 65N29FRX6M;
					};
				};
			};
			buildConfigurationList = 09B2820A1CBAC9D50053AFE7 /* Build configuration list for PBXProject "MyWeatherApp" */;
			compatibilityVersion = "Xcode 3.2";
			developmentRegion = English;
			hasScannedForEncodings = 0;
			knownRegions = (
				en,
				Base,
			);
			mainGroup = 09B282061CBAC9D50053AFE7;
			productRefGroup = 09B282101CBAC9D50053AFE7 /* Products */;
			projectDirPath = "";
			projectRoot = "";
			targets = (
				09B2820E1CBAC9D50053AFE7 /* MyWeatherApp */,
			);
		};
/* End PBXProject section */

/* Begin PBXResourcesBuildPhase section */
		09B2820D1CBAC9D50053AFE7 /* Resources */ = {
			isa = PBXResourcesBuildPhase;
			buildActionMask = 2147483647;
			files = (
				09B2821D1CBAC9D50053AFE7 /* LaunchScreen.storyboard in Resources */,
				09B2821A1CBAC9D50053AFE7 /* Assets.xcassets in Resources */,
				09B282181CBAC9D50053AFE7 /* Main.storyboard in Resources */,
			);
			runOnlyForDeploymentPostprocessing = 0;
		};
/* End PBXResourcesBuildPhase section */

/* Begin PBXSourcesBuildPhase section */
		09B2820B1CBAC9D50053AFE7 /* Sources */ = {
			isa = PBXSourcesBuildPhase;
			buildActionMask = 2147483647;
			files = (
				09B282151CBAC9D50053AFE7 /* ViewController.swift in Sources */,
				09B282131CBAC9D50053AFE7 /* AppDelegate.swift in Sources */,
			);
			runOnlyForDeploymentPostprocessing = 0;
		};
/* End PBXSourcesBuildPhase section */

/* Begin PBXVariantGroup section */
		09B282161CBAC9D50053AFE7 /* Main.storyboard */ = {
			isa = PBXVariantGroup;
			children = (
				09B282171CBAC9D50053AFE7 /* Base */,
			);
			name = Main.storyboard;
			sourceTree = "<group>";
		};
		09B2821B1CBAC9D50053AFE7 /* LaunchScreen.storyboard */ = {
			isa = PBXVariantGroup;
			children = (
				09B2821C1CBAC9D50053AFE7 /* Base */,
			);
			name = LaunchScreen.storyboard;
			sourceTree = "<group>";
		};
/* End PBXVariantGroup section */

/* Begin XCBuildConfiguration section */
		09B2821F1CBAC9D50053AFE7 /* Debug */ = {
			isa = XCBuildConfiguration;
			buildSettings = {
				ALWAYS_SEARCH_USER_PATHS = NO;
				CLANG_ANALYZER_NONNULL = YES;
				CLANG_CXX_LANGUAGE_STANDARD = "gnu++0x";
				CLANG_CXX_LIBRARY = "libc++";
				CLANG_ENABLE_MODULES = YES;
				CLANG_ENABLE_OBJC_ARC = YES;
				CLANG_WARN_BOOL_CONVERSION = YES;
				CLANG_WARN_CONSTANT_CONVERSION = YES;
				CLANG_WARN_DIRECT_OBJC_ISA_USAGE = YES_ERROR;
				CLANG_WARN_EMPTY_BODY = YES;
				CLANG_WARN_ENUM_CONVERSION = YES;
				CLANG_WARN_INT_CONVERSION = YES;
				CLANG_WARN_OBJC_ROOT_CLASS = YES_ERROR;
				CLANG_WARN_UNREACHABLE_CODE = YES;
				CLANG_WARN__DUPLICATE_METHOD_MATCH = YES;
				"CODE_SIGN_IDENTITY[sdk=iphoneos*]" = "iPhone Developer";
				COPY_PHASE_STRIP = NO;
				DEBUG_INFORMATION_FORMAT = dwarf;
				ENABLE_STRICT_OBJC_MSGSEND = YES;
				ENABLE_TESTABILITY = YES;
				GCC_C_LANGUAGE_STANDARD = gnu99;
				GCC_DYNAMIC_NO_PIC = NO;
				GCC_NO_COMMON_BLOCKS = YES;
				GCC_OPTIMIZATION_LEVEL = 0;
				GCC_PREPROCESSOR_DEFINITIONS = (
					"DEBUG=1",
					"$(inherited)",
				);
				GCC_WARN_64_TO_32_BIT_CONVERSION = YES;
				GCC_WARN_ABOUT_RETURN_TYPE = YES_ERROR;
				GCC_WARN_UNDECLARED_SELECTOR = YES;
				GCC_WARN_UNINITIALIZED_AUTOS = YES_AGGRESSIVE;
				GCC_WARN_UNUSED_FUNCTION = YES;
				GCC_WARN_UNUSED_VARIABLE = YES;
				IPHONEOS_DEPLOYMENT_TARGET = 9.3;
				MTL_ENABLE_DEBUG_INFO = YES;
				ONLY_ACTIVE_ARCH = YES;
				SDKROOT = iphoneos;
				SWIFT_OPTIMIZATION_LEVEL = "-Onone";
				TARGETED_DEVICE_FAMILY = "1,2";
			};
			name = Debug;
		};
		09B282201CBAC9D50053AFE7 /* Release */ = {
			isa = XCBuildConfiguration;
			buildSettings = {
				ALWAYS_SEARCH_USER_PATHS = NO;
				CLANG_ANALYZER_NONNULL = YES;
				CLANG_CXX_LANGUAGE_STANDARD = "gnu++0x";
				CLANG_CXX_LIBRARY = "libc++";
				CLANG_ENABLE_MODULES = YES;
				CLANG_ENABLE_OBJC_ARC = YES;
				CLANG_WARN_BOOL_CONVERSION = YES;
				CLANG_WARN_CONSTANT_CONVERSION = YES;
				CLANG_WARN_DIRECT_OBJC_ISA_USAGE = YES_ERROR;
				CLANG_WARN_EMPTY_BODY = YES;
				CLANG_WARN_ENUM_CONVERSION = YES;
				CLANG_WARN_INT_CONVERSION = YES;
				CLANG_WARN_OBJC_ROOT_CLASS = YES_ERROR;
				CLANG_WARN_UNREACHABLE_CODE = YES;
				CLANG_WARN__DUPLICATE_METHOD_MATCH = YES;
				"CODE_SIGN_IDENTITY[sdk=iphoneos*]" = "iPhone Developer";
				COPY_PHASE_STRIP = NO;
				DEBUG_INFORMATION_FORMAT = "dwarf-with-dsym";
				ENABLE_NS_ASSERTIONS = NO;
				ENABLE_STRICT_OBJC_MSGSEND = YES;
				GCC_C_LANGUAGE_STANDARD = gnu99;
				GCC_NO_COMMON_BLOCKS = YES;
				GCC_WARN_64_TO_32_BIT_CONVERSION = YES;
				GCC_WARN_ABOUT_RETURN_TYPE = YES_ERROR;
				GCC_WARN_UNDECLARED_SELECTOR = YES;
				GCC_WARN_UNINITIALIZED_AUTOS = YES_AGGRESSIVE;
				GCC_WARN_UNUSED_FUNCTION = YES;
				GCC_WARN_UNUSED_VARIABLE = YES;
				IPHONEOS_DEPLOYMENT_TARGET = 9.3;
				MTL_ENABLE_DEBUG_INFO = NO;
				SDKROOT = iphoneos;
				TARGETED_DEVICE_FAMILY = "1,2";
				VALIDATE_PRODUCT = YES;
			};
			name = Release;
		};
		09B282221CBAC9D50053AFE7 /* Debug */ = {
			isa = XCBuildConfiguration;
			buildSettings = {
				ASSETCATALOG_COMPILER_APPICON_NAME = AppIcon;
				INFOPLIST_FILE = MyWeatherApp/Info.plist;
				LD_RUNPATH_SEARCH_PATHS = "$(inherited) @executable_path/Frameworks";
				PRODUCT_BUNDLE_IDENTIFIER = com.experientiaibw.MyWeatherApp;
				PRODUCT_NAME = "$(TARGET_NAME)";
			};
			name = Debug;
		};
		09B282231CBAC9D50053AFE7 /* Release */ = {
			isa = XCBuildConfiguration;
			buildSettings = {
				ASSETCATALOG_COMPILER_APPICON_NAME = AppIcon;
				INFOPLIST_FILE = MyWeatherApp/Info.plist;
				LD_RUNPATH_SEARCH_PATHS = "$(inherited) @executable_path/Frameworks";
				PRODUCT_BUNDLE_IDENTIFIER = com.experientiaibw.MyWeatherApp;
				PRODUCT_NAME = "$(TARGET_NAME)";
			};
			name = Release;
		};
/* End XCBuildConfiguration section */

/* Begin XCConfigurationList section */
		09B2820A1CBAC9D50053AFE7 /* Build configuration list for PBXProject "MyWeatherApp" */ = {
			isa = XCConfigurationList;
			buildConfigurations = (
				09B2821F1CBAC9D50053AFE7 /* Debug */,
				09B282201CBAC9D50053AFE7 /* Release */,
			);
			defaultConfigurationIsVisible = 0;
			defaultConfigurationName = Release;
		};
		09B282211CBAC9D50053AFE7 /* Build configuration list for PBXNativeTarget "MyWeatherApp" */ = {
			isa = XCConfigurationList;
			buildConfigurations = (
				09B282221CBAC9D50053AFE7 /* Debug */,
				09B282231CBAC9D50053AFE7 /* Release */,
			);
			defaultConfigurationIsVisible = 0;
		};
/* End XCConfigurationList section */
	};
	rootObject = 09B282071CBAC9D50053AFE7 /* Project object */;
}
